
Microsoft Visual Studio Solution File, Format Version 12.00
# Visual Studio Version 17
VisualStudioVersion = 17.9.34616.47
MinimumVisualStudioVersion = 10.0.40219.1
Project("{FAE04EC0-301F-11D3-BF4B-00C04F79EFBC}") = "Trainexam", "Trainexam\Trainexam.csproj", "{241195C2-CCFF-47A2-88C1-350FF1F14BA3}"
EndProject
Global
	GlobalSection(SolutionConfigurationPlatforms) = preSolution
		Debug|Any CPU = Debug|Any CPU
		Release|Any CPU = Release|Any CPU
	EndGlobalSection
	GlobalSection(ProjectConfigurationPlatforms) = postSolution
		{241195C2-CCFF-47A2-88C1-350FF1F14BA3}.Debug|Any CPU.ActiveCfg = Debug|Any CPU
		{241195C2-CCFF-47A2-88C1-350FF1F14BA3}.Debug|Any CPU.Build.0 = Debug|Any CPU
		{241195C2-CCFF-47A2-88C1-350FF1F14BA3}.Release|Any CPU.ActiveCfg = Release|Any CPU
		{241195C2-CCFF-47A2-88C1-350FF1F14BA3}.Release|Any CPU.Build.0 = Release|Any CPU
	EndGlobalSection
	GlobalSection(SolutionProperties) = preSolution
		HideSolutionNode = FALSE
	EndGlobalSection
	GlobalSection(ExtensibilityGlobals) = postSolution
		SolutionGuid = {219E8D01-7A4B-416F-A3BC-C54E0746FF62}
	EndGlobalSection
EndGlobal
